<Solution>
  <Folder Name="/src/" />
  <Folder Name="/src/Bootstrap/">
    <Project Path="src/Bootstrap/Api/Api.csproj" />
  </Folder>
  <Folder Name="/src/Modules/" />
  <Folder Name="/src/Modules/Autenticacao/">
    <Project Path="src/Modules/Autenticacao/Autenticacao.Application/Autenticacao.Application.csproj" />
    <Project Path="src/Modules/Autenticacao/Autenticacao.Infrastructure/Autenticacao.Infrastructure.csproj" />
    <Project Path="src/Modules/Autenticacao/Autenticacao.Presentation/Autenticacao.Presentation.csproj" />
  </Folder>
  <Folder Name="/src/Modules/Cadastro/">
    <Project Path="src/Modules/Cadastro/Cadastro.Application/Cadastro.Application.csproj" />
    <Project Path="src/Modules/Cadastro/Cadastro.Contracts/Cadastro.Contracts.csproj" />
    <Project Path="src/Modules/Cadastro/Cadastro.Domain/Cadastro.Domain.csproj" />
    <Project Path="src/Modules/Cadastro/Cadastro.Infrastructure/Cadastro.Infrastructure.csproj" />
    <Project Path="src/Modules/Cadastro/Cadastro.Presentation/Cadastro.Presentation.csproj" />
  </Folder>
  <Folder Name="/src/Modules/OrdensServico/">
    <Project Path="src/Modules/OrdensServico/OrdensServico.Application/OrdensServico.Application.csproj" />
    <Project Path="src/Modules/OrdensServico/OrdensServico.Contracts/OrdensServico.Contracts.csproj" />
    <Project Path="src/Modules/OrdensServico/OrdensServico.Domain/OrdensServico.Domain.csproj" />
    <Project Path="src/Modules/OrdensServico/OrdensServico.Infrastructure/OrdensServico.Infrastructure.csproj" />
    <Project Path="src/Modules/OrdensServico/OrdensServico.Presentation/OrdensServico.Presentation.csproj" />
  </Folder>
  <Folder Name="/src/Modules/PecasInsumos/">
    <Project Path="src/Modules/PecasInsumos/PecasInsumos.Adapters/PecasInsumos.Adapters.csproj" />
    <Project Path="src/Modules/PecasInsumos/PecasInsumos.Application/PecasInsumos.Application.csproj" />
    <Project Path="src/Modules/PecasInsumos/PecasInsumos.Contracts/PecasInsumos.Contracts.csproj" />
    <Project Path="src/Modules/PecasInsumos/PecasInsumos.Domain/PecasInsumos.Domain.csproj" />
    <Project Path="src/Modules/PecasInsumos/PecasInsumos.Infrastructure/PecasInsumos.Infrastructure.csproj" />
    <Project Path="src/Modules/PecasInsumos/PecasInsumos.Web/PecasInsumos.Web.csproj" />
  </Folder>
  <Folder Name="/src/SharedKernel/">
    <Project Path="src/SharedKernel/SharedKernel.Application/SharedKernel.Application.csproj" />
    <Project Path="src/SharedKernel/SharedKernel.Domain/SharedKernel.Domain.csproj" />
  </Folder>
  <Folder Name="/tests/">
    <Project Path="tests/IntegrationTests/IntegrationTests.csproj" />
  </Folder>
  <Folder Name="/tests/Modules/" />
  <Folder Name="/tests/Modules/Autenticacao/">
    <Project Path="tests/Modules/Autenticacao/Autenticacao.Application.Tests/Autenticacao.Application.Tests.csproj" />
  </Folder>
  <Folder Name="/tests/Modules/Cadastro/">
    <Project Path="tests/Modules/Cadastro/Cadastro.Application.Tests/Cadastro.Application.Tests.csproj" />
    <Project Path="tests/Modules/Cadastro/Cadastro.Domain.Tests/Cadastro.Domain.Tests.csproj" />
  </Folder>
  <Folder Name="/tests/Modules/OrdensServico/">
    <Project Path="tests/Modules/OrdensServico/OrdemServico.Application.Tests/OrdemServico.Application.Tests.csproj" />
    <Project Path="tests/Modules/OrdensServico/OrdemServico.Domain.Tests/OrdemServico.Domain.Tests.csproj" />
  </Folder>
  <Folder Name="/tests/Modules/PecasInsumos/">
    <Project Path="tests/Modules/PecasInsumos/PecasInsumos.Application.Tests/PecasInsumos.Application.Tests.csproj" />
    <Project Path="tests/Modules/PecasInsumos/PecasInsumos.Domain.Tests/PecasInsumos.Domain.Tests.csproj" />
  </Folder>
</Solution>
